
Microsoft Visual Studio Solution File, Format Version 12.00
# Visual Studio Version 17
VisualStudioVersion = 17.13.35931.197 d17.13
MinimumVisualStudioVersion = 10.0.40219.1
Project("{FAE04EC0-301F-11D3-BF4B-00C04F79EFBC}") = "StringFormatter", "StringFormatter\StringFormatter.csproj", "{A46FA608-585E-4A44-AAFE-CEC1ABBF7740}"
EndProject
Project("{FAE04EC0-301F-11D3-BF4B-00C04F79EFBC}") = "StringFormatter.Tests", "StringFormatter.Tests\StringFormatter.Tests.csproj", "{BBD9C364-AEB8-4089-9696-ADAC55062AAC}"
EndProject
Global
	GlobalSection(SolutionConfigurationPlatforms) = preSolution
		Debug|Any CPU = Debug|Any CPU
		Release|Any CPU = Release|Any CPU
	EndGlobalSection
	GlobalSection(ProjectConfigurationPlatforms) = postSolution
		{A46FA608-585E-4A44-AAFE-CEC1ABBF7740}.Debug|Any CPU.ActiveCfg = Debug|Any CPU
		{A46FA608-585E-4A44-AAFE-CEC1ABBF7740}.Debug|Any CPU.Build.0 = Debug|Any CPU
		{A46FA608-585E-4A44-AAFE-CEC1ABBF7740}.Release|Any CPU.ActiveCfg = Release|Any CPU
		{A46FA608-585E-4A44-AAFE-CEC1ABBF7740}.Release|Any CPU.Build.0 = Release|Any CPU
		{BBD9C364-AEB8-4089-9696-ADAC55062AAC}.Debug|Any CPU.ActiveCfg = Debug|Any CPU
		{BBD9C364-AEB8-4089-9696-ADAC55062AAC}.Debug|Any CPU.Build.0 = Debug|Any CPU
		{BBD9C364-AEB8-4089-9696-ADAC55062AAC}.Release|Any CPU.ActiveCfg = Release|Any CPU
		{BBD9C364-AEB8-4089-9696-ADAC55062AAC}.Release|Any CPU.Build.0 = Release|Any CPU
	EndGlobalSection
	GlobalSection(SolutionProperties) = preSolution
		HideSolutionNode = FALSE
	EndGlobalSection
	GlobalSection(ExtensibilityGlobals) = postSolution
		SolutionGuid = {9821DC45-12D5-4D68-97D9-F19B1F72AF71}
	EndGlobalSection
EndGlobal
